
Microsoft Visual Studio Solution File, Format Version 12.00
# Visual Studio 15
VisualStudioVersion = 15.0.28307.572
MinimumVisualStudioVersion = 10.0.40219.1
Project("{FAE04EC0-301F-11D3-BF4B-00C04F79EFBC}") = "Music_Application", "Music_Application\Music_Application.csproj", "{FF178EB9-8D44-40C9-97D8-35996F659CF1}"
EndProject
Global
	GlobalSection(SolutionConfigurationPlatforms) = preSolution
		Debug|Any CPU = Debug|Any CPU
		Release|Any CPU = Release|Any CPU
	EndGlobalSection
	GlobalSection(ProjectConfigurationPlatforms) = postSolution
		{FF178EB9-8D44-40C9-97D8-35996F659CF1}.Debug|Any CPU.ActiveCfg = Debug|Any CPU
		{FF178EB9-8D44-40C9-97D8-35996F659CF1}.Debug|Any CPU.Build.0 = Debug|Any CPU
		{FF178EB9-8D44-40C9-97D8-35996F659CF1}.Release|Any CPU.ActiveCfg = Release|Any CPU
		{FF178EB9-8D44-40C9-97D8-35996F659CF1}.Release|Any CPU.Build.0 = Release|Any CPU
	EndGlobalSection
	GlobalSection(SolutionProperties) = preSolution
		HideSolutionNode = FALSE
	EndGlobalSection
	GlobalSection(ExtensibilityGlobals) = postSolution
		SolutionGuid = {130B3466-C715-4C0F-A341-267F5F441646}
	EndGlobalSection
EndGlobal
